
Microsoft Visual Studio Solution File, Format Version 12.00
# Visual Studio Version 17
VisualStudioVersion = 17.4.33213.308
MinimumVisualStudioVersion = 10.0.40219.1
Project("{FAE04EC0-301F-11D3-BF4B-00C04F79EFBC}") = "HACK3", "HACK3.csproj", "{3700D1FF-FE15-4367-A7C7-07BA84599E0E}"
EndProject
Global
	GlobalSection(SolutionConfigurationPlatforms) = preSolution
		Debug|Any CPU = Debug|Any CPU
		Release|Any CPU = Release|Any CPU
	EndGlobalSection
	GlobalSection(ProjectConfigurationPlatforms) = postSolution
		{3700D1FF-FE15-4367-A7C7-07BA84599E0E}.Debug|Any CPU.ActiveCfg = Debug|Any CPU
		{3700D1FF-FE15-4367-A7C7-07BA84599E0E}.Debug|Any CPU.Build.0 = Debug|Any CPU
		{3700D1FF-FE15-4367-A7C7-07BA84599E0E}.Release|Any CPU.ActiveCfg = Release|Any CPU
		{3700D1FF-FE15-4367-A7C7-07BA84599E0E}.Release|Any CPU.Build.0 = Release|Any CPU
	EndGlobalSection
	GlobalSection(SolutionProperties) = preSolution
		HideSolutionNode = FALSE
	EndGlobalSection
	GlobalSection(ExtensibilityGlobals) = postSolution
		SolutionGuid = {096C2DE1-FF5C-47D8-A062-CC3D8F1A2E06}
	EndGlobalSection
EndGlobal
